Microsoft Visual Studio Solution File, Format Version 11.00
# Visual Studio 2008

Project("{40061EAC-4F8B-5A04-0AB1-86C2F4C3BC2F}") = "MrRichIOS", "Assembly-CSharp.csproj", "{924D2E0C-5511-F4FC-9253-8CB2553FDCB7}"
EndProject
Project("{40061EAC-4F8B-5A04-0AB1-86C2F4C3BC2F}") = "MrRichIOS", "Assembly-CSharp-Editor.csproj", "{D49E9990-7435-3A73-53DB-D8216C85005D}"
EndProject
Global
	GlobalSection(SolutionConfigurationPlatforms) = preSolution
		Debug|Any CPU = Debug|Any CPU
		Release|Any CPU = Release|Any CPU
	EndGlobalSection
	GlobalSection(ProjectConfigurationPlatforms) = postSolution
		{924D2E0C-5511-F4FC-9253-8CB2553FDCB7}.Debug|Any CPU.ActiveCfg = Debug|Any CPU
		{924D2E0C-5511-F4FC-9253-8CB2553FDCB7}.Debug|Any CPU.Build.0 = Debug|Any CPU
		{924D2E0C-5511-F4FC-9253-8CB2553FDCB7}.Release|Any CPU.ActiveCfg = Release|Any CPU
		{924D2E0C-5511-F4FC-9253-8CB2553FDCB7}.Release|Any CPU.Build.0 = Release|Any CPU
		{D49E9990-7435-3A73-53DB-D8216C85005D}.Debug|Any CPU.ActiveCfg = Debug|Any CPU
		{D49E9990-7435-3A73-53DB-D8216C85005D}.Debug|Any CPU.Build.0 = Debug|Any CPU
		{D49E9990-7435-3A73-53DB-D8216C85005D}.Release|Any CPU.ActiveCfg = Release|Any CPU
		{D49E9990-7435-3A73-53DB-D8216C85005D}.Release|Any CPU.Build.0 = Release|Any CPU
	EndGlobalSection
	GlobalSection(SolutionProperties) = preSolution
		HideSolutionNode = FALSE
	EndGlobalSection
	GlobalSection(MonoDevelopProperties) = preSolution
		StartupItem = Assembly-CSharp.csproj
	EndGlobalSection
EndGlobal
